// !$*UTF8*$!
{
	archiveVersion = 1;
	classes = {
	};
	objectVersion = 77;
	objects = {

/* Begin PBXContainerItemProxy section */
		97E9E64A2E2A13B000892E87 /* PBXContainerItemProxy */ = {
			isa = PBXContainerItemProxy;
			containerPortal = 97E9E62B2E2A13AF00892E87 /* Project object */;
			proxyType = 1;
			remoteGlobalIDString = 97E9E6322E2A13AF00892E87;
			remoteInfo = Login_Lab;
		};
		97E9E6542E2A13B000892E87 /* PBXContainerItemProxy */ = {
			isa = PBXContainerItemProxy;
			containerPortal = 97E9E62B2E2A13AF00892E87 /* Project object */;
			proxyType = 1;
			remoteGlobalIDString = 97E9E6322E2A13AF00892E87;
			remoteInfo = Login_Lab;
		};
/* End PBXContainerItemProxy section */

/* Begin PBXFileReference section */
		97E9E6332E2A13AF00892E87 /* Login_Lab.app */ = {isa = PBXFileReference; explicitFileType = wrapper.application; includeInIndex = 0; path = Login_Lab.app; sourceTree = BUILT_PRODUCTS_DIR; };
		97E9E6492E2A13B000892E87 /* Login_LabTests.xctest */ = {isa = PBXFileReference; explicitFileType = wrapper.cfbundle; includeInIndex = 0; path = Login_LabTests.xctest; sourceTree = BUILT_PRODUCTS_DIR; };
		97E9E6532E2A13B000892E87 /* Login_LabUITests.xctest */ = {isa = PBXFileReference; explicitFileType = wrapper.cfbundle; includeInIndex = 0; path = Login_LabUITests.xctest; sourceTree = BUILT_PRODUCTS_DIR; };
/* End PBXFileReference section */

/* Begin PBXFileSystemSynchronizedBuildFileExceptionSet section */
		97E9E65B2E2A13B000892E87 /* Exceptions for "Login_Lab" folder in "Login_Lab" target */ = {
			isa = PBXFileSystemSynchronizedBuildFileExceptionSet;
			membershipExceptions = (
				Info.plist,
			);
			target = 97E9E6322E2A13AF00892E87 /* Login_Lab */;
		};
/* End PBXFileSystemSynchronizedBuildFileExceptionSet section */

/* Begin PBXFileSystemSynchronizedRootGroup section */
		97E9E6352E2A13AF00892E87 /* Login_Lab */ = {
			isa = PBXFileSystemSynchronizedRootGroup;
			exceptions = (
				97E9E65B2E2A13B000892E87 /* Exceptions for "Login_Lab" folder in "Login_Lab" target */,
			);
			path = Login_Lab;
			sourceTree = "<group>";
		};
		97E9E64C2E2A13B000892E87 /* Login_LabTests */ = {
			isa = PBXFileSystemSynchronizedRootGroup;
			path = Login_LabTests;
			sourceTree = "<group>";
		};
		97E9E6562E2A13B000892E87 /* Login_LabUITests */ = {
			isa = PBXFileSystemSynchronizedRootGroup;
			path = Login_LabUITests;
			sourceTree = "<group>";
		};
/* End PBXFileSystemSynchronizedRootGroup section */

/* Begin PBXFrameworksBuildPhase section */
		97E9E6302E2A13AF00892E87 /* Frameworks */ = {
			isa = PBXFrameworksBuildPhase;
			buildActionMask = 2147483647;
			files = (
			);
			runOnlyForDeploymentPostprocessing = 0;
		};
		97E9E6462E2A13B000892E87 /* Frameworks */ = {
			isa = PBXFrameworksBuildPhase;
			buildActionMask = 2147483647;
			files = (
			);
			runOnlyForDeploymentPostprocessing = 0;
		};
		97E9E6502E2A13B000892E87 /* Frameworks */ = {
			isa = PBXFrameworksBuildPhase;
			buildActionMask = 2147483647;
			files = (
			);
			runOnlyForDeploymentPostprocessing = 0;
		};
/* End PBXFrameworksBuildPhase section */

/* Begin PBXGroup section */
		97E9E62A2E2A13AF00892E87 = {
			isa = PBXGroup;
			children = (
				97E9E6352E2A13AF00892E87 /* Login_Lab */,
				97E9E64C2E2A13B000892E87 /* Login_LabTests */,
				97E9E6562E2A13B000892E87 /* Login_LabUITests */,
				97E9E6342E2A13AF00892E87 /* Products */,
			);
			sourceTree = "<group>";
		};
		97E9E6342E2A13AF00892E87 /* Products */ = {
			isa = PBXGroup;
			children = (
				97E9E6332E2A13AF00892E87 /* Login_Lab.app */,
				97E9E6492E2A13B000892E87 /* Login_LabTests.xctest */,
				97E9E6532E2A13B000892E87 /* Login_LabUITests.xctest */,
			);
			name = Products;
			sourceTree = "<group>";
		};
/* End PBXGroup section */

/* Begin PBXNativeTarget section */
		97E9E6322E2A13AF00892E87 /* Login_Lab */ = {
			isa = PBXNativeTarget;
			buildConfigurationList = 97E9E65C2E2A13B000892E87 /* Build configuration list for PBXNativeTarget "Login_Lab" */;
			buildPhases = (
				97E9E62F2E2A13AF00892E87 /* Sources */,
				97E9E6302E2A13AF00892E87 /* Frameworks */,
				97E9E6312E2A13AF00892E87 /* Resources */,
			);
			buildRules = (
			);
			dependencies = (
			);
			fileSystemSynchronizedGroups = (
				97E9E6352E2A13AF00892E87 /* Login_Lab */,
			);
			name = Login_Lab;
			packageProductDependencies = (
			);
			productName = Login_Lab;
			productReference = 97E9E6332E2A13AF00892E87 /* Login_Lab.app */;
			productType = "com.apple.product-type.application";
		};
		97E9E6482E2A13B000892E87 /* Login_LabTests */ = {
			isa = PBXNativeTarget;
			buildConfigurationList = 97E9E6612E2A13B000892E87 /* Build configuration list for PBXNativeTarget "Login_LabTests" */;
			buildPhases = (
				97E9E6452E2A13B000892E87 /* Sources */,
				97E9E6462E2A13B000892E87 /* Frameworks */,
				97E9E6472E2A13B000892E87 /* Resources */,
			);
			buildRules = (
			);
			dependencies = (
				97E9E64B2E2A13B000892E87 /* PBXTargetDependency */,
			);
			fileSystemSynchronizedGroups = (
				97E9E64C2E2A13B000892E87 /* Login_LabTests */,
			);
			name = Login_LabTests;
			packageProductDependencies = (
			);
			productName = Login_LabTests;
			productReference = 97E9E6492E2A13B000892E87 /* Login_LabTests.xctest */;
			productType = "com.apple.product-type.bundle.unit-test";
		};
		97E9E6522E2A13B000892E87 /* Login_LabUITests */ = {
			isa = PBXNativeTarget;
			buildConfigurationList = 97E9E6642E2A13B000892E87 /* Build configuration list for PBXNativeTarget "Login_LabUITests" */;
			buildPhases = (
				97E9E64F2E2A13B000892E87 /* Sources */,
				97E9E6502E2A13B000892E87 /* Frameworks */,
				97E9E6512E2A13B000892E87 /* Resources */,
			);
			buildRules = (
			);
			dependencies = (
				97E9E6552E2A13B000892E87 /* PBXTargetDependency */,
			);
			fileSystemSynchronizedGroups = (
				97E9E6562E2A13B000892E87 /* Login_LabUITests */,
			);
			name = Login_LabUITests;
			packageProductDependencies = (
			);
			productName = Login_LabUITests;
			productReference = 97E9E6532E2A13B000892E87 /* Login_LabUITests.xctest */;
			productType = "com.apple.product-type.bundle.ui-testing";
		};
/* End PBXNativeTarget section */

/* Begin PBXProject section */
		97E9E62B2E2A13AF00892E87 /* Project object */ = {
			isa = PBXProject;
			attributes = {
				BuildIndependentTargetsInParallel = 1;
				LastSwiftUpdateCheck = 1640;
				LastUpgradeCheck = 1640;
				TargetAttributes = {
					97E9E6322E2A13AF00892E87 = {
						CreatedOnToolsVersion = 16.4;
					};
					97E9E6482E2A13B000892E87 = {
						CreatedOnToolsVersion = 16.4;
						TestTargetID = 97E9E6322E2A13AF00892E87;
					};
					97E9E6522E2A13B000892E87 = {
						CreatedOnToolsVersion = 16.4;
						TestTargetID = 97E9E6322E2A13AF00892E87;
					};
				};
			};
			buildConfigurationList = 97E9E62E2E2A13AF00892E87 /* Build configuration list for PBXProject "Login_Lab" */;
			developmentRegion = en;
			hasScannedForEncodings = 0;
			knownRegions = (
				en,
				Base,
			);
			mainGroup = 97E9E62A2E2A13AF00892E87;
			minimizedProjectReferenceProxies = 1;
			preferredProjectObjectVersion = 77;
			productRefGroup = 97E9E6342E2A13AF00892E87 /* Products */;
			projectDirPath = "";
			projectRoot = "";
			targets = (
				97E9E6322E2A13AF00892E87 /* Login_Lab */,
				97E9E6482E2A13B000892E87 /* Login_LabTests */,
				97E9E6522E2A13B000892E87 /* Login_LabUITests */,
			);
		};
/* End PBXProject section */

/* Begin PBXResourcesBuildPhase section */
		97E9E6312E2A13AF00892E87 /* Resources */ = {
			isa = PBXResourcesBuildPhase;
			buildActionMask = 2147483647;
			files = (
			);
			runOnlyForDeploymentPostprocessing = 0;
		};
		97E9E6472E2A13B000892E87 /* Resources */ = {
			isa = PBXResourcesBuildPhase;
			buildActionMask = 2147483647;
			files = (
			);
			runOnlyForDeploymentPostprocessing = 0;
		};
		97E9E6512E2A13B000892E87 /* Resources */ = {
			isa = PBXResourcesBuildPhase;
			buildActionMask = 2147483647;
			files = (
			);
			runOnlyForDeploymentPostprocessing = 0;
		};
/* End PBXResourcesBuildPhase section */

/* Begin PBXSourcesBuildPhase section */
		97E9E62F2E2A13AF00892E87 /* Sources */ = {
			isa = PBXSourcesBuildPhase;
			buildActionMask = 2147483647;
			files = (
			);
			runOnlyForDeploymentPostprocessing = 0;
		};
		97E9E6452E2A13B000892E87 /* Sources */ = {
			isa = PBXSourcesBuildPhase;
			buildActionMask = 2147483647;
			files = (
			);
			runOnlyForDeploymentPostprocessing = 0;
		};
		97E9E64F2E2A13B000892E87 /* Sources */ = {
			isa = PBXSourcesBuildPhase;
			buildActionMask = 2147483647;
			files = (
			);
			runOnlyForDeploymentPostprocessing = 0;
		};
/* End PBXSourcesBuildPhase section */

/* Begin PBXTargetDependency section */
		97E9E64B2E2A13B000892E87 /* PBXTargetDependency */ = {
			isa = PBXTargetDependency;
			target = 97E9E6322E2A13AF00892E87 /* Login_Lab */;
			targetProxy = 97E9E64A2E2A13B000892E87 /* PBXContainerItemProxy */;
		};
		97E9E6552E2A13B000892E87 /* PBXTargetDependency */ = {
			isa = PBXTargetDependency;
			target = 97E9E6322E2A13AF00892E87 /* Login_Lab */;
			targetProxy = 97E9E6542E2A13B000892E87 /* PBXContainerItemProxy */;
		};
/* End PBXTargetDependency section */

/* Begin XCBuildConfiguration section */
		97E9E65D2E2A13B000892E87 /* Debug */ = {
			isa = XCBuildConfiguration;
			buildSettings = {
				ASSETCATALOG_COMPILER_APPICON_NAME = AppIcon;
				ASSETCATALOG_COMPILER_GLOBAL_ACCENT_COLOR_NAME = AccentColor;
				CODE_SIGN_STYLE = Automatic;
				CURRENT_PROJECT_VERSION = 1;
				GENERATE_INFOPLIST_FILE = YES;
				INFOPLIST_FILE = Login_Lab/Info.plist;
				INFOPLIST_KEY_UIApplicationSupportsIndirectInputEvents = YES;
				INFOPLIST_KEY_UILaunchStoryboardName = LaunchScreen;
				INFOPLIST_KEY_UIMainStoryboardFile = Main;
				INFOPLIST_KEY_UISupportedInterfaceOrientations_iPad = "UIInterfaceOrientationPortrait UIInterfaceOrientationPortraitUpsideDown UIInterfaceOrientationLandscapeLeft UIInterfaceOrientationLandscapeRight";
				INFOPLIST_KEY_UISupportedInterfaceOrientations_iPhone = "UIInterfaceOrientationPortrait UIInterfaceOrientationLandscapeLeft UIInterfaceOrientationLandscapeRight";
				LD_RUNPATH_SEARCH_PATHS = (
					"$(inherited)",
					"@executable_path/Frameworks",
				);
				MARKETING_VERSION = 1.0;
				PRODUCT_BUNDLE_IDENTIFIER = "akash.Login-Lab";
				PRODUCT_NAME = "$(TARGET_NAME)";
				SWIFT_EMIT_LOC_STRINGS = YES;
				SWIFT_VERSION = 5.0;
				TARGETED_DEVICE_FAMILY = "1,2";
			};
			name = Debug;
		};
		97E9E65E2E2A13B000892E87 /* Release */ = {
			isa = XCBuildConfiguration;
			buildSettings = {
				ASSETCATALOG_COMPILER_APPICON_NAME = AppIcon;
				ASSETCATALOG_COMPILER_GLOBAL_ACCENT_COLOR_NAME = AccentColor;
				CODE_SIGN_STYLE = Automatic;
				CURRENT_PROJECT_VERSION = 1;
				GENERATE_INFOPLIST_FILE = YES;
				INFOPLIST_FILE = Login_Lab/Info.plist;
				INFOPLIST_KEY_UIApplicationSupportsIndirectInputEvents = YES;
				INFOPLIST_KEY_UILaunchStoryboardName = LaunchScreen;
				INFOPLIST_KEY_UIMainStoryboardFile = Main;
				INFOPLIST_KEY_UISupportedInterfaceOrientations_iPad = "UIInterfaceOrientationPortrait UIInterfaceOrientationPortraitUpsideDown UIInterfaceOrientationLandscapeLeft UIInterfaceOrientationLandscapeRight";
				INFOPLIST_KEY_UISupportedInterfaceOrientations_iPhone = "UIInterfaceOrientationPortrait UIInterfaceOrientationLandscapeLeft UIInterfaceOrientationLandscapeRight";
				LD_RUNPATH_SEARCH_PATHS = (
					"$(inherited)",
					"@executable_path/Frameworks",
				);
				MARKETING_VERSION = 1.0;
				PRODUCT_BUNDLE_IDENTIFIER = "akash.Login-Lab";
				PRODUCT_NAME = "$(TARGET_NAME)";
				SWIFT_EMIT_LOC_STRINGS = YES;
				SWIFT_VERSION = 5.0;
				TARGETED_DEVICE_FAMILY = "1,2";
			};
			name = Release;
		};
		97E9E65F2E2A13B000892E87 /* Debug */ = {
			isa = XCBuildConfiguration;
			buildSettings = {
				ALWAYS_SEARCH_USER_PATHS = NO;
				ASSETCATALOG_COMPILER_GENERATE_SWIFT_ASSET_SYMBOL_EXTENSIONS = YES;
				CLANG_ANALYZER_NONNULL = YES;
				CLANG_ANALYZER_NUMBER_OBJECT_CONVERSION = YES_AGGRESSIVE;
				CLANG_CXX_LANGUAGE_STANDARD = "gnu++20";
				CLANG_ENABLE_MODULES = YES;
				CLANG_ENABLE_OBJC_ARC = YES;
				CLANG_ENABLE_OBJC_WEAK = YES;
				CLANG_WARN_BLOCK_CAPTURE_AUTORELEASING = YES;
				CLANG_WARN_BOOL_CONVERSION = YES;
				CLANG_WARN_COMMA = YES;
				CLANG_WARN_CONSTANT_CONVERSION = YES;
				CLANG_WARN_DEPRECATED_OBJC_IMPLEMENTATIONS = YES;
				CLANG_WARN_DIRECT_OBJC_ISA_USAGE = YES_ERROR;
				CLANG_WARN_DOCUMENTATION_COMMENTS = YES;
				CLANG_WARN_EMPTY_BODY = YES;
				CLANG_WARN_ENUM_CONVERSION = YES;
				CLANG_WARN_INFINITE_RECURSION = YES;
				CLANG_WARN_INT_CONVERSION = YES;
				CLANG_WARN_NON_LITERAL_NULL_CONVERSION = YES;
				CLANG_WARN_OBJC_IMPLICIT_RETAIN_SELF = YES;
				CLANG_WARN_OBJC_LITERAL_CONVERSION = YES;
				CLANG_WARN_OBJC_ROOT_CLASS = YES_ERROR;
				CLANG_WARN_QUOTED_INCLUDE_IN_FRAMEWORK_HEADER = YES;
				CLANG_WARN_RANGE_LOOP_ANALYSIS = YES;
				CLANG_WARN_STRICT_PROTOTYPES = YES;
				CLANG_WARN_SUSPICIOUS_MOVE = YES;
				CLANG_WARN_UNGUARDED_AVAILABILITY = YES_AGGRESSIVE;
				CLANG_WARN_UNREACHABLE_CODE = YES;
				CLANG_WARN__DUPLICATE_METHOD_MATCH = YES;
				COPY_PHASE_STRIP = NO;
				DEBUG_INFORMATION_FORMAT = dwarf;
				ENABLE_STRICT_OBJC_MSGSEND = YES;
				ENABLE_TESTABILITY = YES;
				ENABLE_USER_SCRIPT_SANDBOXING = YES;
				GCC_C_LANGUAGE_STANDARD = gnu17;
				GCC_DYNAMIC_NO_PIC = NO;
				GCC_NO_COMMON_BLOCKS = YES;
				GCC_OPTIMIZATION_LEVEL = 0;
				GCC_PREPROCESSOR_DEFINITIONS = (
					"DEBUG=1",
					"$(inherited)",
				);
				GCC_WARN_64_TO_32_BIT_CONVERSION = YES;
				GCC_WARN_ABOUT_RETURN_TYPE = YES_ERROR;
				GCC_WARN_UNDECLARED_SELECTOR = YES;
				GCC_WARN_UNINITIALIZED_AUTOS = YES_AGGRESSIVE;
				GCC_WARN_UNUSED_FUNCTION = YES;
				GCC_WARN_UNUSED_VARIABLE = YES;
				IPHONEOS_DEPLOYMENT_TARGET = 18.5;
				LOCALIZATION_PREFERS_STRING_CATALOGS = YES;
				MTL_ENABLE_DEBUG_INFO = INCLUDE_SOURCE;
				MTL_FAST_MATH = YES;
				ONLY_ACTIVE_ARCH = YES;
				SDKROOT = iphoneos;
				SWIFT_ACTIVE_COMPILATION_CONDITIONS = "DEBUG $(inherited)";
				SWIFT_OPTIMIZATION_LEVEL = "-Onone";
			};
			name = Debug;
		};
		97E9E6602E2A13B000892E87 /* Release */ = {
			isa = XCBuildConfiguration;
			buildSettings = {
				ALWAYS_SEARCH_USER_PATHS = NO;
				ASSETCATALOG_COMPILER_GENERATE_SWIFT_ASSET_SYMBOL_EXTENSIONS = YES;
				CLANG_ANALYZER_NONNULL = YES;
				CLANG_ANALYZER_NUMBER_OBJECT_CONVERSION = YES_AGGRESSIVE;
				CLANG_CXX_LANGUAGE_STANDARD = "gnu++20";
				CLANG_ENABLE_MODULES = YES;
				CLANG_ENABLE_OBJC_ARC = YES;
				CLANG_ENABLE_OBJC_WEAK = YES;
				CLANG_WARN_BLOCK_CAPTURE_AUTORELEASING = YES;
				CLANG_WARN_BOOL_CONVERSION = YES;
				CLANG_WARN_COMMA = YES;
				CLANG_WARN_CONSTANT_CONVERSION = YES;
				CLANG_WARN_DEPRECATED_OBJC_IMPLEMENTATIONS = YES;
				CLANG_WARN_DIRECT_OBJC_ISA_USAGE = YES_ERROR;
				CLANG_WARN_DOCUMENTATION_COMMENTS = YES;
				CLANG_WARN_EMPTY_BODY = YES;
				CLANG_WARN_ENUM_CONVERSION = YES;
				CLANG_WARN_INFINITE_RECURSION = YES;
				CLANG_WARN_INT_CONVERSION = YES;
				CLANG_WARN_NON_LITERAL_NULL_CONVERSION = YES;
				CLANG_WARN_OBJC_IMPLICIT_RETAIN_SELF = YES;
				CLANG_WARN_OBJC_LITERAL_CONVERSION = YES;
				CLANG_WARN_OBJC_ROOT_CLASS = YES_ERROR;
				CLANG_WARN_QUOTED_INCLUDE_IN_FRAMEWORK_HEADER = YES;
				CLANG_WARN_RANGE_LOOP_ANALYSIS = YES;
				CLANG_WARN_STRICT_PROTOTYPES = YES;
				CLANG_WARN_SUSPICIOUS_MOVE = YES;
				CLANG_WARN_UNGUARDED_AVAILABILITY = YES_AGGRESSIVE;
				CLANG_WARN_UNREACHABLE_CODE = YES;
				CLANG_WARN__DUPLICATE_METHOD_MATCH = YES;
				COPY_PHASE_STRIP = NO;
				DEBUG_INFORMATION_FORMAT = "dwarf-with-dsym";
				ENABLE_NS_ASSERTIONS = NO;
				ENABLE_STRICT_OBJC_MSGSEND = YES;
				ENABLE_USER_SCRIPT_SANDBOXING = YES;
				GCC_C_LANGUAGE_STANDARD = gnu17;
				GCC_NO_COMMON_BLOCKS = YES;
				GCC_WARN_64_TO_32_BIT_CONVERSION = YES;
				GCC_WARN_ABOUT_RETURN_TYPE = YES_ERROR;
				GCC_WARN_UNDECLARED_SELECTOR = YES;
				GCC_WARN_UNINITIALIZED_AUTOS = YES_AGGRESSIVE;
				GCC_WARN_UNUSED_FUNCTION = YES;
				GCC_WARN_UNUSED_VARIABLE = YES;
				IPHONEOS_DEPLOYMENT_TARGET = 18.5;
				LOCALIZATION_PREFERS_STRING_CATALOGS = YES;
				MTL_ENABLE_DEBUG_INFO = NO;
				MTL_FAST_MATH = YES;
				SDKROOT = iphoneos;
				SWIFT_COMPILATION_MODE = wholemodule;
				VALIDATE_PRODUCT = YES;
			};
			name = Release;
		};
		97E9E6622E2A13B000892E87 /* Debug */ = {
			isa = XCBuildConfiguration;
			buildSettings = {
				BUNDLE_LOADER = "$(TEST_HOST)";
				CODE_SIGN_STYLE = Automatic;
				CURRENT_PROJECT_VERSION = 1;
				GENERATE_INFOPLIST_FILE = YES;
				IPHONEOS_DEPLOYMENT_TARGET = 18.5;
				MARKETING_VERSION = 1.0;
				PRODUCT_BUNDLE_IDENTIFIER = "akash.Login-LabTests";
				PRODUCT_NAME = "$(TARGET_NAME)";
				SWIFT_EMIT_LOC_STRINGS = NO;
				SWIFT_VERSION = 5.0;
				TARGETED_DEVICE_FAMILY = "1,2";
				TEST_HOST = "$(BUILT_PRODUCTS_DIR)/Login_Lab.app/$(BUNDLE_EXECUTABLE_FOLDER_PATH)/Login_Lab";
			};
			name = Debug;
		};
		97E9E6632E2A13B000892E87 /* Release */ = {
			isa = XCBuildConfiguration;
			buildSettings = {
				BUNDLE_LOADER = "$(TEST_HOST)";
				CODE_SIGN_STYLE = Automatic;
				CURRENT_PROJECT_VERSION = 1;
				GENERATE_INFOPLIST_FILE = YES;
				IPHONEOS_DEPLOYMENT_TARGET = 18.5;
				MARKETING_VERSION = 1.0;
				PRODUCT_BUNDLE_IDENTIFIER = "akash.Login-LabTests";
				PRODUCT_NAME = "$(TARGET_NAME)";
				SWIFT_EMIT_LOC_STRINGS = NO;
				SWIFT_VERSION = 5.0;
				TARGETED_DEVICE_FAMILY = "1,2";
				TEST_HOST = "$(BUILT_PRODUCTS_DIR)/Login_Lab.app/$(BUNDLE_EXECUTABLE_FOLDER_PATH)/Login_Lab";
			};
			name = Release;
		};
		97E9E6652E2A13B000892E87 /* Debug */ = {
			isa = XCBuildConfiguration;
			buildSettings = {
				CODE_SIGN_STYLE = Automatic;
				CURRENT_PROJECT_VERSION = 1;
				GENERATE_INFOPLIST_FILE = YES;
				MARKETING_VERSION = 1.0;
				PRODUCT_BUNDLE_IDENTIFIER = "akash.Login-LabUITests";
				PRODUCT_NAME = "$(TARGET_NAME)";
				SWIFT_EMIT_LOC_STRINGS = NO;
				SWIFT_VERSION = 5.0;
				TARGETED_DEVICE_FAMILY = "1,2";
				TEST_TARGET_NAME = Login_Lab;
			};
			name = Debug;
		};
		97E9E6662E2A13B000892E87 /* Release */ = {
			isa = XCBuildConfiguration;
			buildSettings = {
				CODE_SIGN_STYLE = Automatic;
				CURRENT_PROJECT_VERSION = 1;
				GENERATE_INFOPLIST_FILE = YES;
				MARKETING_VERSION = 1.0;
				PRODUCT_BUNDLE_IDENTIFIER = "akash.Login-LabUITests";
				PRODUCT_NAME = "$(TARGET_NAME)";
				SWIFT_EMIT_LOC_STRINGS = NO;
				SWIFT_VERSION = 5.0;
				TARGETED_DEVICE_FAMILY = "1,2";
				TEST_TARGET_NAME = Login_Lab;
			};
			name = Release;
		};
/* End XCBuildConfiguration section */

/* Begin XCConfigurationList section */
		97E9E62E2E2A13AF00892E87 /* Build configuration list for PBXProject "Login_Lab" */ = {
			isa = XCConfigurationList;
			buildConfigurations = (
				97E9E65F2E2A13B000892E87 /* Debug */,
				97E9E6602E2A13B000892E87 /* Release */,
			);
			defaultConfigurationIsVisible = 0;
			defaultConfigurationName = Release;
		};
		97E9E65C2E2A13B000892E87 /* Build configuration list for PBXNativeTarget "Login_Lab" */ = {
			isa = XCConfigurationList;
			buildConfigurations = (
				97E9E65D2E2A13B000892E87 /* Debug */,
				97E9E65E2E2A13B000892E87 /* Release */,
			);
			defaultConfigurationIsVisible = 0;
			defaultConfigurationName = Release;
		};
		97E9E6612E2A13B000892E87 /* Build configuration list for PBXNativeTarget "Login_LabTests" */ = {
			isa = XCConfigurationList;
			buildConfigurations = (
				97E9E6622E2A13B000892E87 /* Debug */,
				97E9E6632E2A13B000892E87 /* Release */,
			);
			defaultConfigurationIsVisible = 0;
			defaultConfigurationName = Release;
		};
		97E9E6642E2A13B000892E87 /* Build configuration list for PBXNativeTarget "Login_LabUITests" */ = {
			isa = XCConfigurationList;
			buildConfigurations = (
				97E9E6652E2A13B000892E87 /* Debug */,
				97E9E6662E2A13B000892E87 /* Release */,
			);
			defaultConfigurationIsVisible = 0;
			defaultConfigurationName = Release;
		};
/* End XCConfigurationList section */
	};
	rootObject = 97E9E62B2E2A13AF00892E87 /* Project object */;
}
